github.com/gorilla/mux v1.8.0 h1:i40aqfkR1h2SlN9hojwV5ZA91wcXFOvkdNIeFDP5koI=
github.com/gorilla/mux v1.8.0/go.mod h1:DVbg23sWSpFRCP0SfiEN6jmj59UnW/n46BH5rLB71So=
gopkg.in/gographics/imagick.v3 v3.5.0 h1:l3Zowmbwt0UrWc4JKAB2cXxVrsgaCfKx25Z/z5Yo7dw=
gopkg.in/gographics/imagick.v3 v3.5.0/go.mod h1:+Q9nyA2xRZXrDyTtJ/eko+8V/5E7bWYs08ndkZp8UmA=
